
Microsoft Visual Studio Solution File, Format Version 12.00
# Visual Studio Version 17
VisualStudioVersion = 17.0.31903.59
MinimumVisualStudioVersion = 10.0.40219.1
Project("{9A19103F-16F7-4668-BE54-9A1E7A4F7556}") = "Cblx.Dynamics.Explorer.Client", "Client\Cblx.Dynamics.Explorer.Client.csproj", "{31252260-BE59-4355-86A5-5A40EF664DEB}"
EndProject
Project("{9A19103F-16F7-4668-BE54-9A1E7A4F7556}") = "Cblx.Dynamics.Explorer", "Server\Cblx.Dynamics.Explorer.csproj", "{69CC21DF-F7FF-4A4D-BC3B-6F498E21E3F6}"
EndProject
Global
	GlobalSection(SolutionConfigurationPlatforms) = preSolution
		Debug|Any CPU = Debug|Any CPU
		Release|Any CPU = Release|Any CPU
	EndGlobalSection
	GlobalSection(ProjectConfigurationPlatforms) = postSolution
		{31252260-BE59-4355-86A5-5A40EF664DEB}.Debug|Any CPU.ActiveCfg = Debug|Any CPU
		{31252260-BE59-4355-86A5-5A40EF664DEB}.Debug|Any CPU.Build.0 = Debug|Any CPU
		{31252260-BE59-4355-86A5-5A40EF664DEB}.Release|Any CPU.ActiveCfg = Release|Any CPU
		{31252260-BE59-4355-86A5-5A40EF664DEB}.Release|Any CPU.Build.0 = Release|Any CPU
		{69CC21DF-F7FF-4A4D-BC3B-6F498E21E3F6}.Debug|Any CPU.ActiveCfg = Debug|Any CPU
		{69CC21DF-F7FF-4A4D-BC3B-6F498E21E3F6}.Debug|Any CPU.Build.0 = Debug|Any CPU
		{69CC21DF-F7FF-4A4D-BC3B-6F498E21E3F6}.Release|Any CPU.ActiveCfg = Release|Any CPU
		{69CC21DF-F7FF-4A4D-BC3B-6F498E21E3F6}.Release|Any CPU.Build.0 = Release|Any CPU
	EndGlobalSection
	GlobalSection(SolutionProperties) = preSolution
		HideSolutionNode = FALSE
	EndGlobalSection
	GlobalSection(ExtensibilityGlobals) = postSolution
		SolutionGuid = {16A4B8BE-132D-4AAD-AFCD-3A116A9CAA3C}
	EndGlobalSection
EndGlobal
