
Microsoft Visual Studio Solution File, Format Version 12.00
# Visual Studio Version 17
VisualStudioVersion = 17.5.002.0
MinimumVisualStudioVersion = 10.0.40219.1
Project("{9A19103F-16F7-4668-BE54-9A1E7A4F7556}") = "Cblx.Dynamics.Explorer", "Cblx.Dynamics.Explorer.csproj", "{0AF10B9F-3207-405C-88FC-9F05FB0B4DD5}"
EndProject
Global
	GlobalSection(SolutionConfigurationPlatforms) = preSolution
		Debug|Any CPU = Debug|Any CPU
		Release|Any CPU = Release|Any CPU
	EndGlobalSection
	GlobalSection(ProjectConfigurationPlatforms) = postSolution
		{0AF10B9F-3207-405C-88FC-9F05FB0B4DD5}.Debug|Any CPU.ActiveCfg = Debug|Any CPU
		{0AF10B9F-3207-405C-88FC-9F05FB0B4DD5}.Debug|Any CPU.Build.0 = Debug|Any CPU
		{0AF10B9F-3207-405C-88FC-9F05FB0B4DD5}.Release|Any CPU.ActiveCfg = Release|Any CPU
		{0AF10B9F-3207-405C-88FC-9F05FB0B4DD5}.Release|Any CPU.Build.0 = Release|Any CPU
	EndGlobalSection
	GlobalSection(SolutionProperties) = preSolution
		HideSolutionNode = FALSE
	EndGlobalSection
	GlobalSection(ExtensibilityGlobals) = postSolution
		SolutionGuid = {FF37C524-1B93-44A9-B39F-10DB7B973E3E}
	EndGlobalSection
EndGlobal
