
Microsoft Visual Studio Solution File, Format Version 12.00
# Visual Studio Version 17
VisualStudioVersion = 17.5.002.0
MinimumVisualStudioVersion = 10.0.40219.1
Project("{9A19103F-16F7-4668-BE54-9A1E7A4F7556}") = "Cblx.Dynamics.Explorer.Demo", "Cblx.Dynamics.Explorer.Demo.csproj", "{DE414CC6-7FB4-440C-97D7-67E806FD8B1B}"
EndProject
Global
	GlobalSection(SolutionConfigurationPlatforms) = preSolution
		Debug|Any CPU = Debug|Any CPU
		Release|Any CPU = Release|Any CPU
	EndGlobalSection
	GlobalSection(ProjectConfigurationPlatforms) = postSolution
		{DE414CC6-7FB4-440C-97D7-67E806FD8B1B}.Debug|Any CPU.ActiveCfg = Debug|Any CPU
		{DE414CC6-7FB4-440C-97D7-67E806FD8B1B}.Debug|Any CPU.Build.0 = Debug|Any CPU
		{DE414CC6-7FB4-440C-97D7-67E806FD8B1B}.Release|Any CPU.ActiveCfg = Release|Any CPU
		{DE414CC6-7FB4-440C-97D7-67E806FD8B1B}.Release|Any CPU.Build.0 = Release|Any CPU
	EndGlobalSection
	GlobalSection(SolutionProperties) = preSolution
		HideSolutionNode = FALSE
	EndGlobalSection
	GlobalSection(ExtensibilityGlobals) = postSolution
		SolutionGuid = {BB9989DB-E828-4F52-9E16-FB61FD26D074}
	EndGlobalSection
EndGlobal
